Microsoft Visual Studio Solution File, Format Version 11.00
# Visual Studio 2008

Project("{584F3C96-9275-AA4E-654B-E73FF5C2431C}") = "Kounithm", "Assembly-CSharp.csproj", "{E91E543C-9251-A506-404D-EC318771F895}"
EndProject
Global
	GlobalSection(SolutionConfigurationPlatforms) = preSolution
		Debug|Any CPU = Debug|Any CPU
		Release|Any CPU = Release|Any CPU
	EndGlobalSection
	GlobalSection(ProjectConfigurationPlatforms) = postSolution
		{E91E543C-9251-A506-404D-EC318771F895}.Debug|Any CPU.ActiveCfg = Debug|Any CPU
		{E91E543C-9251-A506-404D-EC318771F895}.Debug|Any CPU.Build.0 = Debug|Any CPU
		{E91E543C-9251-A506-404D-EC318771F895}.Release|Any CPU.ActiveCfg = Release|Any CPU
		{E91E543C-9251-A506-404D-EC318771F895}.Release|Any CPU.Build.0 = Release|Any CPU
	EndGlobalSection
	GlobalSection(SolutionProperties) = preSolution
		HideSolutionNode = FALSE
	EndGlobalSection
	GlobalSection(MonoDevelopProperties) = preSolution
		StartupItem = Assembly-CSharp.csproj
	EndGlobalSection
EndGlobal
